
Microsoft Visual Studio Solution File, Format Version 12.00
# Visual Studio Version 17
VisualStudioVersion = 17.13.35825.156 d17.13
MinimumVisualStudioVersion = 10.0.40219.1
Project("{FAE04EC0-301F-11D3-BF4B-00C04F79EFBC}") = "BlockedCountriesApi", "BlockedCountriesApi.csproj", "{DE5F969D-46A2-A444-DFC2-0EAE31155D28}"
EndProject
Global
	GlobalSection(SolutionConfigurationPlatforms) = preSolution
		Debug|Any CPU = Debug|Any CPU
		Release|Any CPU = Release|Any CPU
	EndGlobalSection
	GlobalSection(ProjectConfigurationPlatforms) = postSolution
		{DE5F969D-46A2-A444-DFC2-0EAE31155D28}.Debug|Any CPU.ActiveCfg = Debug|Any CPU
		{DE5F969D-46A2-A444-DFC2-0EAE31155D28}.Debug|Any CPU.Build.0 = Debug|Any CPU
		{DE5F969D-46A2-A444-DFC2-0EAE31155D28}.Release|Any CPU.ActiveCfg = Release|Any CPU
		{DE5F969D-46A2-A444-DFC2-0EAE31155D28}.Release|Any CPU.Build.0 = Release|Any CPU
	EndGlobalSection
	GlobalSection(SolutionProperties) = preSolution
		HideSolutionNode = FALSE
	EndGlobalSection
	GlobalSection(ExtensibilityGlobals) = postSolution
		SolutionGuid = {A116B177-FAFD-4F15-9F5B-372E63BB0FD8}
	EndGlobalSection
EndGlobal
